
Microsoft Visual Studio Solution File, Format Version 12.00
# Visual Studio Version 16
VisualStudioVersion = 16.0.31424.327
MinimumVisualStudioVersion = 10.0.40219.1
Project("{9A19103F-16F7-4668-BE54-9A1E7A4F7556}") = "AuthorizationApp", "AuthorizationApp\AuthorizationApp.csproj", "{AB389510-9C9F-4151-98F3-38C30118D821}"
EndProject
Global
	GlobalSection(SolutionConfigurationPlatforms) = preSolution
		Debug|Any CPU = Debug|Any CPU
		Release|Any CPU = Release|Any CPU
	EndGlobalSection
	GlobalSection(ProjectConfigurationPlatforms) = postSolution
		{AB389510-9C9F-4151-98F3-38C30118D821}.Debug|Any CPU.ActiveCfg = Debug|Any CPU
		{AB389510-9C9F-4151-98F3-38C30118D821}.Debug|Any CPU.Build.0 = Debug|Any CPU
		{AB389510-9C9F-4151-98F3-38C30118D821}.Release|Any CPU.ActiveCfg = Release|Any CPU
		{AB389510-9C9F-4151-98F3-38C30118D821}.Release|Any CPU.Build.0 = Release|Any CPU
	EndGlobalSection
	GlobalSection(SolutionProperties) = preSolution
		HideSolutionNode = FALSE
	EndGlobalSection
	GlobalSection(ExtensibilityGlobals) = postSolution
		SolutionGuid = {234E7DF3-B061-4553-B5CA-4E056336CACD}
	EndGlobalSection
EndGlobal
